{
  "name": "test_package",
  "version": "1.0.0",
  "lockfileVersion": 3,
  "requires": true,
  "packages": {
    "": {
      "name": "test_package",
      "version": "1.0.0",
      "license": "ISC",
      "dependencies": {
        "@satriks/ajs_lesson3": "^1.0.0"
      }
    },
    "node_modules/@satriks/ajs_lesson3": {
      "version": "1.0.0",
      "resolved": "https://npm.pkg.github.com/download/@satriks/ajs_lesson3/1.0.0/bac61806f7d1a39082802c3fff1fffee07ac48a1",
      "integrity": "sha512-QLj9XbXkTodmfW7Xobh8w76RvaI8U79RjSZZGx4MGqMdYj7a34dYkuCeaNf0eS9P71O9TpMIfXkz8lj2ZgJTVg==",
      "license": "ISC"
    }
  }
}
